
Microsoft Visual Studio Solution File, Format Version 12.00
# Visual Studio Version 17
VisualStudioVersion = 17.13.35828.75
MinimumVisualStudioVersion = 10.0.40219.1
Project("{FAE04EC0-301F-11D3-BF4B-00C04F79EFBC}") = "FileUtility", "FileUtility.csproj", "{388B81DD-EBCF-42E9-B913-A4F262F4227B}"
EndProject
Project("{FAE04EC0-301F-11D3-BF4B-00C04F79EFBC}") = "UnitTestFileUtility", "..\UnitTestFileUtility\UnitTestFileUtility.csproj", "{EAF116F2-7430-42E8-97CB-EEB86CCE29D3}"
EndProject
Global
	GlobalSection(SolutionConfigurationPlatforms) = preSolution
		Debug|Any CPU = Debug|Any CPU
		Release|Any CPU = Release|Any CPU
	EndGlobalSection
	GlobalSection(ProjectConfigurationPlatforms) = postSolution
		{388B81DD-EBCF-42E9-B913-A4F262F4227B}.Debug|Any CPU.ActiveCfg = Debug|Any CPU
		{388B81DD-EBCF-42E9-B913-A4F262F4227B}.Debug|Any CPU.Build.0 = Debug|Any CPU
		{388B81DD-EBCF-42E9-B913-A4F262F4227B}.Release|Any CPU.ActiveCfg = Release|Any CPU
		{388B81DD-EBCF-42E9-B913-A4F262F4227B}.Release|Any CPU.Build.0 = Release|Any CPU
		{EAF116F2-7430-42E8-97CB-EEB86CCE29D3}.Debug|Any CPU.ActiveCfg = Debug|Any CPU
		{EAF116F2-7430-42E8-97CB-EEB86CCE29D3}.Debug|Any CPU.Build.0 = Debug|Any CPU
		{EAF116F2-7430-42E8-97CB-EEB86CCE29D3}.Release|Any CPU.ActiveCfg = Release|Any CPU
		{EAF116F2-7430-42E8-97CB-EEB86CCE29D3}.Release|Any CPU.Build.0 = Release|Any CPU
	EndGlobalSection
	GlobalSection(SolutionProperties) = preSolution
		HideSolutionNode = FALSE
	EndGlobalSection
	GlobalSection(ExtensibilityGlobals) = postSolution
		SolutionGuid = {E4642014-EAFF-438C-BBC7-AB00D08F2CB6}
	EndGlobalSection
EndGlobal
